# THIS IS AN AUTOGENERATED FILE. DO NOT EDIT THIS FILE DIRECTLY.
# yarn lockfile v1


"@telenko/node-mf@^0.0.5":
  version "0.0.5"
  resolved "https://registry.yarnpkg.com/@telenko/node-mf/-/node-mf-0.0.5.tgz#70b56864d81f8b9a86238ae4a0a6986691706083"
  integrity sha512-2pg7N5pdeFAFVRvpg/AdU8WaSGzfH9JmQ/Yk1euOAQTEbGNYVtX0azFwKlVDzXlLJi+RJhcD+LFEfU/U9Jo0HA==
